
Microsoft Visual Studio Solution File, Format Version 12.00
# Visual Studio Version 17
VisualStudioVersion = 17.2.32616.157
MinimumVisualStudioVersion = 10.0.40219.1
Project("{FAE04EC0-301F-11D3-BF4B-00C04F79EFBC}") = "GRPCServiceProviderSample", "GRPCServiceProviderSample\GRPCServiceProviderSample.csproj", "{80255DD8-8A4A-4506-8BAC-EF8DC9E7BFE7}"
EndProject
Global
	GlobalSection(SolutionConfigurationPlatforms) = preSolution
		Debug|Any CPU = Debug|Any CPU
		Release|Any CPU = Release|Any CPU
	EndGlobalSection
	GlobalSection(ProjectConfigurationPlatforms) = postSolution
		{80255DD8-8A4A-4506-8BAC-EF8DC9E7BFE7}.Debug|Any CPU.ActiveCfg = Debug|Any CPU
		{80255DD8-8A4A-4506-8BAC-EF8DC9E7BFE7}.Debug|Any CPU.Build.0 = Debug|Any CPU
		{80255DD8-8A4A-4506-8BAC-EF8DC9E7BFE7}.Release|Any CPU.ActiveCfg = Release|Any CPU
		{80255DD8-8A4A-4506-8BAC-EF8DC9E7BFE7}.Release|Any CPU.Build.0 = Release|Any CPU
	EndGlobalSection
	GlobalSection(SolutionProperties) = preSolution
		HideSolutionNode = FALSE
	EndGlobalSection
	GlobalSection(ExtensibilityGlobals) = postSolution
		SolutionGuid = {89AEA961-FD48-4A53-8D69-B4C4A958334D}
	EndGlobalSection
EndGlobal
